<?xml version="1.0" encoding="utf-8"?>
<Project ToolsVersion="4.0" xmlns="http://schemas.microsoft.com/developer/msbuild/2003">
  <ItemGroup>
    <Filter Include="Исходные файлы">
      <UniqueIdentifier>{4FC737F1-C7A5-4376-A066-2A32D752A2FF}</UniqueIdentifier>
      <Extensions>cpp;c;cc;cxx;c++;cppm;ixx;def;odl;idl;hpj;bat;asm;asmx</Extensions>
    </Filter>
    <Filter Include="Файлы заголовков">
      <UniqueIdentifier>{93995380-89BD-4b04-88EB-625FBE52EBFB}</UniqueIdentifier>
      <Extensions>h;hh;hpp;hxx;h++;hm;inl;inc;ipp;xsd</Extensions>
    </Filter>
    <Filter Include="Файлы ресурсов">
      <UniqueIdentifier>{67DA6AB6-F800-4c08-8B7A-83BB121AAD01}</UniqueIdentifier>
      <Extensions>rc;ico;cur;bmp;dlg;rc2;rct;bin;rgs;gif;jpg;jpeg;jpe;resx;tiff;tif;png;wav;mfcribbon-ms</Extensions>
    </Filter>
  </ItemGroup>
  <ItemGroup>
    <ClCompile Include="src\main.c">
      <Filter>Исходные файлы</Filter>
    </ClCompile>
    <ClCompile Include="src\pch.c">
      <Filter>Исходные файлы</Filter>
    </ClCompile>
    <ClCompile Include="src\asm_inst.c">
      <Filter>Исходные файлы</Filter>
    </ClCompile>
    <ClCompile Include="src\asm_reg.c">
      <Filter>Исходные файлы</Filter>
    </ClCompile>
    <ClCompile Include="src\lnk_pe.c">
      <Filter>Исходные файлы</Filter>
    </ClCompile>
    <ClCompile Include="src\lnk_sect.c">
      <Filter>Исходные файлы</Filter>
    </ClCompile>
    <ClCompile Include="src\u_assert.c">
      <Filter>Исходные файлы</Filter>
    </ClCompile>
    <ClCompile Include="src\u_hs.c">
      <Filter>Исходные файлы</Filter>
    </ClCompile>
    <ClCompile Include="src\u_hst.c">
      <Filter>Исходные файлы</Filter>
    </ClCompile>
    <ClCompile Include="src\asm_frag.c">
      <Filter>Исходные файлы</Filter>
    </ClCompile>
    <ClCompile Include="src\asm_pea.c">
      <Filter>Исходные файлы</Filter>
    </ClCompile>
    <ClCompile Include="src\ira_lo.c">
      <Filter>Исходные файлы</Filter>
    </ClCompile>
    <ClCompile Include="src\ira_inst.c">
      <Filter>Исходные файлы</Filter>
    </ClCompile>
    <ClCompile Include="src\ira_pec.c">
      <Filter>Исходные файлы</Filter>
    </ClCompile>
    <ClCompile Include="src\asm_size.c">
      <Filter>Исходные файлы</Filter>
    </ClCompile>
    <ClCompile Include="src\ira_val.c">
      <Filter>Исходные файлы</Filter>
    </ClCompile>
    <ClCompile Include="src\ira_dt.c">
      <Filter>Исходные файлы</Filter>
    </ClCompile>
    <ClCompile Include="src\ira_int.c">
      <Filter>Исходные файлы</Filter>
    </ClCompile>
    <ClCompile Include="src\pla_ast_p.c">
      <Filter>Исходные файлы</Filter>
    </ClCompile>
    <ClCompile Include="src\pla_punc.c">
      <Filter>Исходные файлы</Filter>
    </ClCompile>
    <ClCompile Include="src\pla_keyw.c">
      <Filter>Исходные файлы</Filter>
    </ClCompile>
    <ClCompile Include="src\pla_expr.c">
      <Filter>Исходные файлы</Filter>
    </ClCompile>
    <ClCompile Include="src\pla_ast.c">
      <Filter>Исходные файлы</Filter>
    </ClCompile>
    <ClCompile Include="src\pla_stmt.c">
      <Filter>Исходные файлы</Filter>
    </ClCompile>
    <ClCompile Include="src\pla_dclr.c">
      <Filter>Исходные файлы</Filter>
    </ClCompile>
    <ClCompile Include="src\ira_func.c">
      <Filter>Исходные файлы</Filter>
    </ClCompile>
    <ClCompile Include="src\ira_pec_c.c">
      <Filter>Исходные файлы</Filter>
    </ClCompile>
    <ClCompile Include="src\lnk_pe_l.c">
      <Filter>Исходные файлы</Filter>
    </ClCompile>
    <ClCompile Include="src\asm_pea_b.c">
      <Filter>Исходные файлы</Filter>
    </ClCompile>
    <ClCompile Include="src\pla_ast_t.c">
      <Filter>Исходные файлы</Filter>
    </ClCompile>
    <ClCompile Include="src\pla_ast_t_s.c">
      <Filter>Исходные файлы</Filter>
    </ClCompile>
    <ClCompile Include="src\pla_pds.c">
      <Filter>Исходные файлы</Filter>
    </ClCompile>
    <ClCompile Include="src\ira_pec_ip.c">
      <Filter>Исходные файлы</Filter>
    </ClCompile>
    <ClCompile Include="src\ira_pds.c">
      <Filter>Исходные файлы</Filter>
    </ClCompile>
    <ClCompile Include="src\asm_it.c">
      <Filter>Исходные файлы</Filter>
    </ClCompile>
    <ClCompile Include="src\u_hsb.c">
      <Filter>Исходные файлы</Filter>
    </ClCompile>
    <ClCompile Include="src\pla_irid.c">
      <Filter>Исходные файлы</Filter>
    </ClCompile>
  </ItemGroup>
  <ItemGroup>
    <ClInclude Include="src\pch.h">
      <Filter>Файлы заголовков</Filter>
    </ClInclude>
    <ClInclude Include="src\asm_inst.h">
      <Filter>Файлы заголовков</Filter>
    </ClInclude>
    <ClInclude Include="src\asm_reg.h">
      <Filter>Файлы заголовков</Filter>
    </ClInclude>
    <ClInclude Include="src\asm_size.h">
      <Filter>Файлы заголовков</Filter>
    </ClInclude>
    <ClInclude Include="src\lnk.h">
      <Filter>Файлы заголовков</Filter>
    </ClInclude>
    <ClInclude Include="src\lnk_pe.h">
      <Filter>Файлы заголовков</Filter>
    </ClInclude>
    <ClInclude Include="src\lnk_sect.h">
      <Filter>Файлы заголовков</Filter>
    </ClInclude>
    <ClInclude Include="src\u_assert.h">
      <Filter>Файлы заголовков</Filter>
    </ClInclude>
    <ClInclude Include="src\u_hs.h">
      <Filter>Файлы заголовков</Filter>
    </ClInclude>
    <ClInclude Include="src\u_hst.h">
      <Filter>Файлы заголовков</Filter>
    </ClInclude>
    <ClInclude Include="src\u_misc.h">
      <Filter>Файлы заголовков</Filter>
    </ClInclude>
    <ClInclude Include="src\asm.h">
      <Filter>Файлы заголовков</Filter>
    </ClInclude>
    <ClInclude Include="src\asm_frag.h">
      <Filter>Файлы заголовков</Filter>
    </ClInclude>
    <ClInclude Include="src\asm_pea.h">
      <Filter>Файлы заголовков</Filter>
    </ClInclude>
    <ClInclude Include="src\ira.h">
      <Filter>Файлы заголовков</Filter>
    </ClInclude>
    <ClInclude Include="src\ira_pec.h">
      <Filter>Файлы заголовков</Filter>
    </ClInclude>
    <ClInclude Include="src\ira_lo.h">
      <Filter>Файлы заголовков</Filter>
    </ClInclude>
    <ClInclude Include="src\ira_inst.h">
      <Filter>Файлы заголовков</Filter>
    </ClInclude>
    <ClInclude Include="src\ira_dt.h">
      <Filter>Файлы заголовков</Filter>
    </ClInclude>
    <ClInclude Include="src\ira_int.h">
      <Filter>Файлы заголовков</Filter>
    </ClInclude>
    <ClInclude Include="src\ira_val.h">
      <Filter>Файлы заголовков</Filter>
    </ClInclude>
    <ClInclude Include="src\pla.h">
      <Filter>Файлы заголовков</Filter>
    </ClInclude>
    <ClInclude Include="src\pla_expr.h">
      <Filter>Файлы заголовков</Filter>
    </ClInclude>
    <ClInclude Include="src\pla_stmt.h">
      <Filter>Файлы заголовков</Filter>
    </ClInclude>
    <ClInclude Include="src\pla_dclr.h">
      <Filter>Файлы заголовков</Filter>
    </ClInclude>
    <ClInclude Include="src\pla_ast.h">
      <Filter>Файлы заголовков</Filter>
    </ClInclude>
    <ClInclude Include="src\pla_ast_p.h">
      <Filter>Файлы заголовков</Filter>
    </ClInclude>
    <ClInclude Include="src\pla_punc.h">
      <Filter>Файлы заголовков</Filter>
    </ClInclude>
    <ClInclude Include="src\pla_keyw.h">
      <Filter>Файлы заголовков</Filter>
    </ClInclude>
    <ClInclude Include="src\pla_ast_t.h">
      <Filter>Файлы заголовков</Filter>
    </ClInclude>
    <ClInclude Include="src\ira_func.h">
      <Filter>Файлы заголовков</Filter>
    </ClInclude>
    <ClInclude Include="src\ira_pec_c.h">
      <Filter>Файлы заголовков</Filter>
    </ClInclude>
    <ClInclude Include="src\lnk_pe_l.h">
      <Filter>Файлы заголовков</Filter>
    </ClInclude>
    <ClInclude Include="src\asm_pea_b.h">
      <Filter>Файлы заголовков</Filter>
    </ClInclude>
    <ClInclude Include="src\pla_ast_t_s.h">
      <Filter>Файлы заголовков</Filter>
    </ClInclude>
    <ClInclude Include="src\pla_pds.h">
      <Filter>Файлы заголовков</Filter>
    </ClInclude>
    <ClInclude Include="src\ira_pec_ip.h">
      <Filter>Файлы заголовков</Filter>
    </ClInclude>
    <ClInclude Include="src\ira_pds.h">
      <Filter>Файлы заголовков</Filter>
    </ClInclude>
    <ClInclude Include="src\u_ros.h">
      <Filter>Файлы заголовков</Filter>
    </ClInclude>
    <ClInclude Include="src\asm_it.h">
      <Filter>Файлы заголовков</Filter>
    </ClInclude>
    <ClInclude Include="src\u_hsb.h">
      <Filter>Файлы заголовков</Filter>
    </ClInclude>
    <ClInclude Include="src\pla_irid.h">
      <Filter>Файлы заголовков</Filter>
    </ClInclude>
  </ItemGroup>
  <ItemGroup>
    <None Include="src\pla_punc.def">
      <Filter>Исходные файлы</Filter>
    </None>
    <None Include="src\pla_keyw.def">
      <Filter>Исходные файлы</Filter>
    </None>
    <None Include="test.pla" />
    <None Include="src\pla_pds.def">
      <Filter>Исходные файлы</Filter>
    </None>
    <None Include="src\ira_inst.def">
      <Filter>Исходные файлы</Filter>
    </None>
    <None Include="src\ira_pds.def">
      <Filter>Исходные файлы</Filter>
    </None>
    <None Include="src\pla_expr.def">
      <Filter>Исходные файлы</Filter>
    </None>
    <None Include="pla_lib\w64\kernel32.pla" />
    <None Include="pla_lib\std\io.pla" />
  </ItemGroup>
</Project>