<?xml version="1.0" encoding="utf-8"?>
<Project ToolsVersion="4.0" xmlns="http://schemas.microsoft.com/developer/msbuild/2003">
  <ItemGroup>
    <Filter Include="Исходные файлы">
      <UniqueIdentifier>{4FC737F1-C7A5-4376-A066-2A32D752A2FF}</UniqueIdentifier>
      <Extensions>cpp;c;cc;cxx;c++;cppm;ixx;def;odl;idl;hpj;bat;asm;asmx</Extensions>
    </Filter>
    <Filter Include="Файлы заголовков">
      <UniqueIdentifier>{93995380-89BD-4b04-88EB-625FBE52EBFB}</UniqueIdentifier>
      <Extensions>h;hh;hpp;hxx;h++;hm;inl;inc;ipp;xsd</Extensions>
    </Filter>
    <Filter Include="Файлы ресурсов">
      <UniqueIdentifier>{67DA6AB6-F800-4c08-8B7A-83BB121AAD01}</UniqueIdentifier>
      <Extensions>rc;ico;cur;bmp;dlg;rc2;rct;bin;rgs;gif;jpg;jpeg;jpe;resx;tiff;tif;png;wav;mfcribbon-ms</Extensions>
    </Filter>
  </ItemGroup>
  <ItemGroup>
    <ClCompile Include="comp_proj\main.c">
      <Filter>Исходные файлы</Filter>
    </ClCompile>
    <ClCompile Include="comp_proj\pch.c">
      <Filter>Исходные файлы</Filter>
    </ClCompile>
    <ClCompile Include="comp_proj\asm_inst.c">
      <Filter>Исходные файлы</Filter>
    </ClCompile>
    <ClCompile Include="comp_proj\asm_reg.c">
      <Filter>Исходные файлы</Filter>
    </ClCompile>
    <ClCompile Include="comp_proj\lnk_pe.c">
      <Filter>Исходные файлы</Filter>
    </ClCompile>
    <ClCompile Include="comp_proj\lnk_sect.c">
      <Filter>Исходные файлы</Filter>
    </ClCompile>
    <ClCompile Include="comp_proj\asm_frag.c">
      <Filter>Исходные файлы</Filter>
    </ClCompile>
    <ClCompile Include="comp_proj\asm_pea.c">
      <Filter>Исходные файлы</Filter>
    </ClCompile>
    <ClCompile Include="comp_proj\ira_lo.c">
      <Filter>Исходные файлы</Filter>
    </ClCompile>
    <ClCompile Include="comp_proj\ira_inst.c">
      <Filter>Исходные файлы</Filter>
    </ClCompile>
    <ClCompile Include="comp_proj\ira_pec.c">
      <Filter>Исходные файлы</Filter>
    </ClCompile>
    <ClCompile Include="comp_proj\asm_size.c">
      <Filter>Исходные файлы</Filter>
    </ClCompile>
    <ClCompile Include="comp_proj\ira_val.c">
      <Filter>Исходные файлы</Filter>
    </ClCompile>
    <ClCompile Include="comp_proj\ira_dt.c">
      <Filter>Исходные файлы</Filter>
    </ClCompile>
    <ClCompile Include="comp_proj\ira_int.c">
      <Filter>Исходные файлы</Filter>
    </ClCompile>
    <ClCompile Include="comp_proj\pla_punc.c">
      <Filter>Исходные файлы</Filter>
    </ClCompile>
    <ClCompile Include="comp_proj\pla_keyw.c">
      <Filter>Исходные файлы</Filter>
    </ClCompile>
    <ClCompile Include="comp_proj\pla_expr.c">
      <Filter>Исходные файлы</Filter>
    </ClCompile>
    <ClCompile Include="comp_proj\pla_ast.c">
      <Filter>Исходные файлы</Filter>
    </ClCompile>
    <ClCompile Include="comp_proj\pla_stmt.c">
      <Filter>Исходные файлы</Filter>
    </ClCompile>
    <ClCompile Include="comp_proj\pla_dclr.c">
      <Filter>Исходные файлы</Filter>
    </ClCompile>
    <ClCompile Include="comp_proj\ira_func.c">
      <Filter>Исходные файлы</Filter>
    </ClCompile>
    <ClCompile Include="comp_proj\ira_pec_c.c">
      <Filter>Исходные файлы</Filter>
    </ClCompile>
    <ClCompile Include="comp_proj\lnk_pe_l.c">
      <Filter>Исходные файлы</Filter>
    </ClCompile>
    <ClCompile Include="comp_proj\asm_pea_b.c">
      <Filter>Исходные файлы</Filter>
    </ClCompile>
    <ClCompile Include="comp_proj\pla_ast_t.c">
      <Filter>Исходные файлы</Filter>
    </ClCompile>
    <ClCompile Include="comp_proj\pla_ast_t_s.c">
      <Filter>Исходные файлы</Filter>
    </ClCompile>
    <ClCompile Include="comp_proj\pla_pds.c">
      <Filter>Исходные файлы</Filter>
    </ClCompile>
    <ClCompile Include="comp_proj\ira_pec_ip.c">
      <Filter>Исходные файлы</Filter>
    </ClCompile>
    <ClCompile Include="comp_proj\ira_pds.c">
      <Filter>Исходные файлы</Filter>
    </ClCompile>
    <ClCompile Include="comp_proj\asm_it.c">
      <Filter>Исходные файлы</Filter>
    </ClCompile>
    <ClCompile Include="comp_proj\pla_cn.c">
      <Filter>Исходные файлы</Filter>
    </ClCompile>
    <ClCompile Include="comp_proj\gia_edit.c">
      <Filter>Исходные файлы</Filter>
    </ClCompile>
    <ClCompile Include="comp_proj\pla_tok.c">
      <Filter>Исходные файлы</Filter>
    </ClCompile>
    <ClCompile Include="comp_proj\pla_lex.c">
      <Filter>Исходные файлы</Filter>
    </ClCompile>
    <ClCompile Include="comp_proj\pla_tu.c">
      <Filter>Исходные файлы</Filter>
    </ClCompile>
    <ClCompile Include="comp_proj\pla_tu_p.c">
      <Filter>Исходные файлы</Filter>
    </ClCompile>
    <ClCompile Include="comp_proj\gia_text.c">
      <Filter>Исходные файлы</Filter>
    </ClCompile>
    <ClCompile Include="comp_proj\gia_tus.c">
      <Filter>Исходные файлы</Filter>
    </ClCompile>
    <ClCompile Include="comp_proj\gia_tus_p.c">
      <Filter>Исходные файлы</Filter>
    </ClCompile>
    <ClCompile Include="comp_proj\pla_pkg.c">
      <Filter>Исходные файлы</Filter>
    </ClCompile>
    <ClCompile Include="comp_proj\gia_pkg.c">
      <Filter>Исходные файлы</Filter>
    </ClCompile>
    <ClCompile Include="comp_proj\gia_repo.c">
      <Filter>Исходные файлы</Filter>
    </ClCompile>
    <ClCompile Include="comp_proj\gia_bs.c">
      <Filter>Исходные файлы</Filter>
    </ClCompile>
  </ItemGroup>
  <ItemGroup>
    <ClInclude Include="comp_proj\pch.h">
      <Filter>Файлы заголовков</Filter>
    </ClInclude>
    <ClInclude Include="comp_proj\asm_inst.h">
      <Filter>Файлы заголовков</Filter>
    </ClInclude>
    <ClInclude Include="comp_proj\asm_reg.h">
      <Filter>Файлы заголовков</Filter>
    </ClInclude>
    <ClInclude Include="comp_proj\asm_size.h">
      <Filter>Файлы заголовков</Filter>
    </ClInclude>
    <ClInclude Include="comp_proj\lnk.h">
      <Filter>Файлы заголовков</Filter>
    </ClInclude>
    <ClInclude Include="comp_proj\lnk_pe.h">
      <Filter>Файлы заголовков</Filter>
    </ClInclude>
    <ClInclude Include="comp_proj\lnk_sect.h">
      <Filter>Файлы заголовков</Filter>
    </ClInclude>
    <ClInclude Include="comp_proj\asm.h">
      <Filter>Файлы заголовков</Filter>
    </ClInclude>
    <ClInclude Include="comp_proj\asm_frag.h">
      <Filter>Файлы заголовков</Filter>
    </ClInclude>
    <ClInclude Include="comp_proj\asm_pea.h">
      <Filter>Файлы заголовков</Filter>
    </ClInclude>
    <ClInclude Include="comp_proj\ira.h">
      <Filter>Файлы заголовков</Filter>
    </ClInclude>
    <ClInclude Include="comp_proj\ira_pec.h">
      <Filter>Файлы заголовков</Filter>
    </ClInclude>
    <ClInclude Include="comp_proj\ira_lo.h">
      <Filter>Файлы заголовков</Filter>
    </ClInclude>
    <ClInclude Include="comp_proj\ira_inst.h">
      <Filter>Файлы заголовков</Filter>
    </ClInclude>
    <ClInclude Include="comp_proj\ira_dt.h">
      <Filter>Файлы заголовков</Filter>
    </ClInclude>
    <ClInclude Include="comp_proj\ira_int.h">
      <Filter>Файлы заголовков</Filter>
    </ClInclude>
    <ClInclude Include="comp_proj\ira_val.h">
      <Filter>Файлы заголовков</Filter>
    </ClInclude>
    <ClInclude Include="comp_proj\pla.h">
      <Filter>Файлы заголовков</Filter>
    </ClInclude>
    <ClInclude Include="comp_proj\pla_expr.h">
      <Filter>Файлы заголовков</Filter>
    </ClInclude>
    <ClInclude Include="comp_proj\pla_stmt.h">
      <Filter>Файлы заголовков</Filter>
    </ClInclude>
    <ClInclude Include="comp_proj\pla_dclr.h">
      <Filter>Файлы заголовков</Filter>
    </ClInclude>
    <ClInclude Include="comp_proj\pla_ast.h">
      <Filter>Файлы заголовков</Filter>
    </ClInclude>
    <ClInclude Include="comp_proj\pla_punc.h">
      <Filter>Файлы заголовков</Filter>
    </ClInclude>
    <ClInclude Include="comp_proj\pla_keyw.h">
      <Filter>Файлы заголовков</Filter>
    </ClInclude>
    <ClInclude Include="comp_proj\pla_ast_t.h">
      <Filter>Файлы заголовков</Filter>
    </ClInclude>
    <ClInclude Include="comp_proj\ira_func.h">
      <Filter>Файлы заголовков</Filter>
    </ClInclude>
    <ClInclude Include="comp_proj\ira_pec_c.h">
      <Filter>Файлы заголовков</Filter>
    </ClInclude>
    <ClInclude Include="comp_proj\lnk_pe_l.h">
      <Filter>Файлы заголовков</Filter>
    </ClInclude>
    <ClInclude Include="comp_proj\asm_pea_b.h">
      <Filter>Файлы заголовков</Filter>
    </ClInclude>
    <ClInclude Include="comp_proj\pla_ast_t_s.h">
      <Filter>Файлы заголовков</Filter>
    </ClInclude>
    <ClInclude Include="comp_proj\pla_pds.h">
      <Filter>Файлы заголовков</Filter>
    </ClInclude>
    <ClInclude Include="comp_proj\ira_pec_ip.h">
      <Filter>Файлы заголовков</Filter>
    </ClInclude>
    <ClInclude Include="comp_proj\ira_pds.h">
      <Filter>Файлы заголовков</Filter>
    </ClInclude>
    <ClInclude Include="comp_proj\asm_it.h">
      <Filter>Файлы заголовков</Filter>
    </ClInclude>
    <ClInclude Include="comp_proj\pla_cn.h">
      <Filter>Файлы заголовков</Filter>
    </ClInclude>
    <ClInclude Include="comp_proj\gia_edit.h">
      <Filter>Файлы заголовков</Filter>
    </ClInclude>
    <ClInclude Include="comp_proj\pla_tok.h">
      <Filter>Файлы заголовков</Filter>
    </ClInclude>
    <ClInclude Include="comp_proj\pla_lex.h">
      <Filter>Файлы заголовков</Filter>
    </ClInclude>
    <ClInclude Include="comp_proj\pla_tu.h">
      <Filter>Файлы заголовков</Filter>
    </ClInclude>
    <ClInclude Include="comp_proj\pla_tu_p.h">
      <Filter>Файлы заголовков</Filter>
    </ClInclude>
    <ClInclude Include="comp_proj\gia.h">
      <Filter>Файлы заголовков</Filter>
    </ClInclude>
    <ClInclude Include="comp_proj\gia_text.h">
      <Filter>Файлы заголовков</Filter>
    </ClInclude>
    <ClInclude Include="comp_proj\gia_tus.h">
      <Filter>Файлы заголовков</Filter>
    </ClInclude>
    <ClInclude Include="comp_proj\gia_tus_p.h">
      <Filter>Файлы заголовков</Filter>
    </ClInclude>
    <ClInclude Include="comp_proj\pla_pkg.h">
      <Filter>Файлы заголовков</Filter>
    </ClInclude>
    <ClInclude Include="comp_proj\gia_repo.h">
      <Filter>Файлы заголовков</Filter>
    </ClInclude>
    <ClInclude Include="comp_proj\gia_pkg.h">
      <Filter>Файлы заголовков</Filter>
    </ClInclude>
    <ClInclude Include="comp_proj\gia_bs.h">
      <Filter>Файлы заголовков</Filter>
    </ClInclude>
  </ItemGroup>
  <ItemGroup>
    <None Include="comp_proj\pla_punc.def">
      <Filter>Исходные файлы</Filter>
    </None>
    <None Include="comp_proj\pla_keyw.def">
      <Filter>Исходные файлы</Filter>
    </None>
    <None Include="test.pla" />
    <None Include="comp_proj\pla_pds.def">
      <Filter>Исходные файлы</Filter>
    </None>
    <None Include="comp_proj\ira_inst.def">
      <Filter>Исходные файлы</Filter>
    </None>
    <None Include="comp_proj\ira_pds.def">
      <Filter>Исходные файлы</Filter>
    </None>
    <None Include="comp_proj\pla_expr.def">
      <Filter>Исходные файлы</Filter>
    </None>
    <None Include="pla_lib\w64\kernel32.pla" />
    <None Include="pla_lib\std\io.pla" />
  </ItemGroup>
</Project>